PODS:
  - CKAlertView (0.1.0):
    - SnapKit (~> 3.0.2)
  - SnapKit (3.0.2)

DEPENDENCIES:
  - CKAlertView (from `../`)

EXTERNAL SOURCES:
  CKAlertView:
    :path: "../"

SPEC CHECKSUMS:
  CKAlertView: 695798cfe6b2d7464611d956460c08895989b32b
  SnapKit: 2e456761aa92d4d4067a7a5594c18769d451a8ad

PODFILE CHECKSUM: 52cc18f3a504333b68352d84e3e12edab347abe0

COCOAPODS: 1.1.0.rc.2
